
Microsoft Visual Studio Solution File, Format Version 12.00
# Visual Studio 15
VisualStudioVersion = 15.0.25807.0
MinimumVisualStudioVersion = 10.0.40219.1
Project("{2150E333-8FDC-42A3-9474-1A3956D46DE8}") = "Engine", "Engine", "{FEA411E7-CE8F-4007-ABF0-4F0BB6E2E559}"
EndProject
Project("{2150E333-8FDC-42A3-9474-1A3956D46DE8}") = "Games", "Games", "{8A29B4B8-A21E-4B4B-80C0-D23F0DF97176}"
EndProject
Project("{8BC9CEB8-8B4A-11D0-8D11-00A0C91BC942}") = "PGTProject", "Intermediate\ProjectFiles\PGTProject.vcxproj", "{164537AC-F1C4-46C6-B761-F7FA27E52C5B}"
EndProject
Project("{8BC9CEB8-8B4A-11D0-8D11-00A0C91BC942}") = "UE4", "Intermediate\ProjectFiles\UE4.vcxproj", "{BE6489E6-BCEF-4BA6-A91A-9E9BA5B9A114}"
EndProject
Project("{2150E333-8FDC-42A3-9474-1A3956D46DE8}") = "Visualizers", "Visualizers", "{F9369EA3-F29A-473D-B05A-BB8DFB571041}"
	ProjectSection(SolutionItems) = preProject
		..\..\..\..\Program Files\Epic Games\UE_4.21\Engine\Extras\VisualStudioDebugging\UE4.natvis = ..\..\..\..\Program Files\Epic Games\UE_4.21\Engine\Extras\VisualStudioDebugging\UE4.natvis
	EndProjectSection
EndProject
Global
	GlobalSection(SolutionConfigurationPlatforms) = preSolution
		DebugGame Editor|HTML5 = DebugGame Editor|HTML5
		DebugGame Editor|Win32 = DebugGame Editor|Win32
		DebugGame Editor|Win64 = DebugGame Editor|Win64
		DebugGame|HTML5 = DebugGame|HTML5
		DebugGame|Win32 = DebugGame|Win32
		DebugGame|Win64 = DebugGame|Win64
		Development Editor|HTML5 = Development Editor|HTML5
		Development Editor|Win32 = Development Editor|Win32
		Development Editor|Win64 = Development Editor|Win64
		Development|HTML5 = Development|HTML5
		Development|Win32 = Development|Win32
		Development|Win64 = Development|Win64
		Shipping|HTML5 = Shipping|HTML5
		Shipping|Win32 = Shipping|Win32
		Shipping|Win64 = Shipping|Win64
	EndGlobalSection
	GlobalSection(ProjectConfigurationPlatforms) = postSolution
		{164537AC-F1C4-46C6-B761-F7FA27E52C5B}.DebugGame Editor|HTML5.ActiveCfg = Invalid|Win32
		{164537AC-F1C4-46C6-B761-F7FA27E52C5B}.DebugGame Editor|Win32.ActiveCfg = Invalid|Win32
		{164537AC-F1C4-46C6-B761-F7FA27E52C5B}.DebugGame Editor|Win64.ActiveCfg = DebugGame_Editor|x64
		{164537AC-F1C4-46C6-B761-F7FA27E52C5B}.DebugGame Editor|Win64.Build.0 = DebugGame_Editor|x64
		{164537AC-F1C4-46C6-B761-F7FA27E52C5B}.DebugGame|HTML5.ActiveCfg = HTML5_DebugGame|Win32
		{164537AC-F1C4-46C6-B761-F7FA27E52C5B}.DebugGame|HTML5.Build.0 = HTML5_DebugGame|Win32
		{164537AC-F1C4-46C6-B761-F7FA27E52C5B}.DebugGame|Win32.ActiveCfg = DebugGame|Win32
		{164537AC-F1C4-46C6-B761-F7FA27E52C5B}.DebugGame|Win32.Build.0 = DebugGame|Win32
		{164537AC-F1C4-46C6-B761-F7FA27E52C5B}.DebugGame|Win64.ActiveCfg = DebugGame|x64
		{164537AC-F1C4-46C6-B761-F7FA27E52C5B}.DebugGame|Win64.Build.0 = DebugGame|x64
		{164537AC-F1C4-46C6-B761-F7FA27E52C5B}.Development Editor|HTML5.ActiveCfg = Invalid|Win32
		{164537AC-F1C4-46C6-B761-F7FA27E52C5B}.Development Editor|Win32.ActiveCfg = Invalid|Win32
		{164537AC-F1C4-46C6-B761-F7FA27E52C5B}.Development Editor|Win64.ActiveCfg = Development_Editor|x64
		{164537AC-F1C4-46C6-B761-F7FA27E52C5B}.Development Editor|Win64.Build.0 = Development_Editor|x64
		{164537AC-F1C4-46C6-B761-F7FA27E52C5B}.Development|HTML5.ActiveCfg = HTML5_Development|Win32
		{164537AC-F1C4-46C6-B761-F7FA27E52C5B}.Development|HTML5.Build.0 = HTML5_Development|Win32
		{164537AC-F1C4-46C6-B761-F7FA27E52C5B}.Development|Win32.ActiveCfg = Development|Win32
		{164537AC-F1C4-46C6-B761-F7FA27E52C5B}.Development|Win32.Build.0 = Development|Win32
		{164537AC-F1C4-46C6-B761-F7FA27E52C5B}.Development|Win64.ActiveCfg = Development|x64
		{164537AC-F1C4-46C6-B761-F7FA27E52C5B}.Development|Win64.Build.0 = Development|x64
		{164537AC-F1C4-46C6-B761-F7FA27E52C5B}.Shipping|HTML5.ActiveCfg = HTML5_Shipping|Win32
		{164537AC-F1C4-46C6-B761-F7FA27E52C5B}.Shipping|HTML5.Build.0 = HTML5_Shipping|Win32
		{164537AC-F1C4-46C6-B761-F7FA27E52C5B}.Shipping|Win32.ActiveCfg = Shipping|Win32
		{164537AC-F1C4-46C6-B761-F7FA27E52C5B}.Shipping|Win32.Build.0 = Shipping|Win32
		{164537AC-F1C4-46C6-B761-F7FA27E52C5B}.Shipping|Win64.ActiveCfg = Shipping|x64
		{164537AC-F1C4-46C6-B761-F7FA27E52C5B}.Shipping|Win64.Build.0 = Shipping|x64
		{BE6489E6-BCEF-4BA6-A91A-9E9BA5B9A114}.DebugGame Editor|HTML5.ActiveCfg = BuiltWithUnrealBuildTool|Win32
		{BE6489E6-BCEF-4BA6-A91A-9E9BA5B9A114}.DebugGame Editor|Win32.ActiveCfg = BuiltWithUnrealBuildTool|Win32
		{BE6489E6-BCEF-4BA6-A91A-9E9BA5B9A114}.DebugGame Editor|Win64.ActiveCfg = BuiltWithUnrealBuildTool|Win32
		{BE6489E6-BCEF-4BA6-A91A-9E9BA5B9A114}.DebugGame|HTML5.ActiveCfg = BuiltWithUnrealBuildTool|Win32
		{BE6489E6-BCEF-4BA6-A91A-9E9BA5B9A114}.DebugGame|Win32.ActiveCfg = BuiltWithUnrealBuildTool|Win32
		{BE6489E6-BCEF-4BA6-A91A-9E9BA5B9A114}.DebugGame|Win64.ActiveCfg = BuiltWithUnrealBuildTool|Win32
		{BE6489E6-BCEF-4BA6-A91A-9E9BA5B9A114}.Development Editor|HTML5.ActiveCfg = BuiltWithUnrealBuildTool|Win32
		{BE6489E6-BCEF-4BA6-A91A-9E9BA5B9A114}.Development Editor|Win32.ActiveCfg = BuiltWithUnrealBuildTool|Win32
		{BE6489E6-BCEF-4BA6-A91A-9E9BA5B9A114}.Development Editor|Win64.ActiveCfg = BuiltWithUnrealBuildTool|Win32
		{BE6489E6-BCEF-4BA6-A91A-9E9BA5B9A114}.Development|HTML5.ActiveCfg = BuiltWithUnrealBuildTool|Win32
		{BE6489E6-BCEF-4BA6-A91A-9E9BA5B9A114}.Development|Win32.ActiveCfg = BuiltWithUnrealBuildTool|Win32
		{BE6489E6-BCEF-4BA6-A91A-9E9BA5B9A114}.Development|Win64.ActiveCfg = BuiltWithUnrealBuildTool|Win32
		{BE6489E6-BCEF-4BA6-A91A-9E9BA5B9A114}.Shipping|HTML5.ActiveCfg = BuiltWithUnrealBuildTool|Win32
		{BE6489E6-BCEF-4BA6-A91A-9E9BA5B9A114}.Shipping|Win32.ActiveCfg = BuiltWithUnrealBuildTool|Win32
		{BE6489E6-BCEF-4BA6-A91A-9E9BA5B9A114}.Shipping|Win64.ActiveCfg = BuiltWithUnrealBuildTool|Win32
	EndGlobalSection
	GlobalSection(SolutionProperties) = preSolution
		HideSolutionNode = FALSE
	EndGlobalSection
	GlobalSection(NestedProjects) = preSolution
		{BE6489E6-BCEF-4BA6-A91A-9E9BA5B9A114} = {FEA411E7-CE8F-4007-ABF0-4F0BB6E2E559}
		{164537AC-F1C4-46C6-B761-F7FA27E52C5B} = {8A29B4B8-A21E-4B4B-80C0-D23F0DF97176}
	EndGlobalSection
EndGlobal
