
Microsoft Visual Studio Solution File, Format Version 12.00
# Visual Studio 15
VisualStudioVersion = 15.0.25807.0
MinimumVisualStudioVersion = 10.0.40219.1
Project("{2150E333-8FDC-42A3-9474-1A3956D46DE8}") = "Engine", "Engine", "{EEEFEC3E-DF68-476F-8EF1-085256549D6E}"
EndProject
Project("{2150E333-8FDC-42A3-9474-1A3956D46DE8}") = "Games", "Games", "{2B5DB010-0AED-4AF0-9BC0-7AA036ABC76D}"
EndProject
Project("{8BC9CEB8-8B4A-11D0-8D11-00A0C91BC942}") = "PGTProject", "Intermediate\ProjectFiles\PGTProject.vcxproj", "{69C36B5E-C0D9-4BCC-8FA7-E6A371EAB089}"
EndProject
Project("{8BC9CEB8-8B4A-11D0-8D11-00A0C91BC942}") = "UE4", "Intermediate\ProjectFiles\UE4.vcxproj", "{64430173-55D1-4EF5-98FD-EE3B3618479F}"
EndProject
Project("{8BC9CEB8-8B4A-11D0-8D11-00A0C91BC942}") = "UE4", "Intermediate\ProjectFiles\UE4.vcxproj", "{243DA72D-A0FC-412C-9F5A-935DB394272F}"
EndProject
Project("{2150E333-8FDC-42A3-9474-1A3956D46DE8}") = "Visualizers", "Visualizers", "{E6A76D5A-9987-4FF8-A1C6-239F9622DE66}"
	ProjectSection(SolutionItems) = preProject
		..\..\..\..\Program Files\Epic Games\UE_4.21\Engine\Extras\VisualStudioDebugging\UE4.natvis = ..\..\..\..\Program Files\Epic Games\UE_4.21\Engine\Extras\VisualStudioDebugging\UE4.natvis
	EndProjectSection
EndProject
Global
	GlobalSection(SolutionConfigurationPlatforms) = preSolution
		DebugGame Editor|HTML5 = DebugGame Editor|HTML5
		DebugGame Editor|IOS = DebugGame Editor|IOS
		DebugGame Editor|Win32 = DebugGame Editor|Win32
		DebugGame Editor|Win64 = DebugGame Editor|Win64
		DebugGame|HTML5 = DebugGame|HTML5
		DebugGame|IOS = DebugGame|IOS
		DebugGame|Win32 = DebugGame|Win32
		DebugGame|Win64 = DebugGame|Win64
		Development Editor|HTML5 = Development Editor|HTML5
		Development Editor|IOS = Development Editor|IOS
		Development Editor|Win32 = Development Editor|Win32
		Development Editor|Win64 = Development Editor|Win64
		Development|HTML5 = Development|HTML5
		Development|IOS = Development|IOS
		Development|Win32 = Development|Win32
		Development|Win64 = Development|Win64
		Shipping|HTML5 = Shipping|HTML5
		Shipping|IOS = Shipping|IOS
		Shipping|Win32 = Shipping|Win32
		Shipping|Win64 = Shipping|Win64
	EndGlobalSection
	GlobalSection(ProjectConfigurationPlatforms) = postSolution
		{728FD7F8-9D94-4ED5-90A0-D8D25CD2D62C}.DebugGame Editor|HTML5.ActiveCfg = Invalid|Win32
		{728FD7F8-9D94-4ED5-90A0-D8D25CD2D62C}.DebugGame Editor|IOS.ActiveCfg = Invalid|Win32
		{728FD7F8-9D94-4ED5-90A0-D8D25CD2D62C}.DebugGame Editor|Win32.ActiveCfg = Invalid|Win32
		{728FD7F8-9D94-4ED5-90A0-D8D25CD2D62C}.DebugGame Editor|Win64.ActiveCfg = DebugGame_Editor|x64
		{728FD7F8-9D94-4ED5-90A0-D8D25CD2D62C}.DebugGame Editor|Win64.Build.0 = DebugGame_Editor|x64
		{728FD7F8-9D94-4ED5-90A0-D8D25CD2D62C}.DebugGame|HTML5.ActiveCfg = HTML5_DebugGame|Win32
		{728FD7F8-9D94-4ED5-90A0-D8D25CD2D62C}.DebugGame|HTML5.Build.0 = HTML5_DebugGame|Win32
		{728FD7F8-9D94-4ED5-90A0-D8D25CD2D62C}.DebugGame|IOS.ActiveCfg = IOS_DebugGame|Win32
		{728FD7F8-9D94-4ED5-90A0-D8D25CD2D62C}.DebugGame|IOS.Build.0 = IOS_DebugGame|Win32
		{728FD7F8-9D94-4ED5-90A0-D8D25CD2D62C}.DebugGame|Win32.ActiveCfg = DebugGame|Win32
		{728FD7F8-9D94-4ED5-90A0-D8D25CD2D62C}.DebugGame|Win32.Build.0 = DebugGame|Win32
		{728FD7F8-9D94-4ED5-90A0-D8D25CD2D62C}.DebugGame|Win64.ActiveCfg = DebugGame|x64
		{728FD7F8-9D94-4ED5-90A0-D8D25CD2D62C}.DebugGame|Win64.Build.0 = DebugGame|x64
		{728FD7F8-9D94-4ED5-90A0-D8D25CD2D62C}.Development Editor|HTML5.ActiveCfg = Invalid|Win32
		{728FD7F8-9D94-4ED5-90A0-D8D25CD2D62C}.Development Editor|IOS.ActiveCfg = Invalid|Win32
		{728FD7F8-9D94-4ED5-90A0-D8D25CD2D62C}.Development Editor|Win32.ActiveCfg = Invalid|Win32
		{728FD7F8-9D94-4ED5-90A0-D8D25CD2D62C}.Development Editor|Win64.ActiveCfg = Development_Editor|x64
		{728FD7F8-9D94-4ED5-90A0-D8D25CD2D62C}.Development Editor|Win64.Build.0 = Development_Editor|x64
		{728FD7F8-9D94-4ED5-90A0-D8D25CD2D62C}.Development|HTML5.ActiveCfg = HTML5_Development|Win32
		{728FD7F8-9D94-4ED5-90A0-D8D25CD2D62C}.Development|HTML5.Build.0 = HTML5_Development|Win32
		{728FD7F8-9D94-4ED5-90A0-D8D25CD2D62C}.Development|IOS.ActiveCfg = IOS_Development|Win32
		{728FD7F8-9D94-4ED5-90A0-D8D25CD2D62C}.Development|IOS.Build.0 = IOS_Development|Win32
		{728FD7F8-9D94-4ED5-90A0-D8D25CD2D62C}.Development|Win32.ActiveCfg = Development|Win32
		{728FD7F8-9D94-4ED5-90A0-D8D25CD2D62C}.Development|Win32.Build.0 = Development|Win32
		{728FD7F8-9D94-4ED5-90A0-D8D25CD2D62C}.Development|Win64.ActiveCfg = Development|x64
		{728FD7F8-9D94-4ED5-90A0-D8D25CD2D62C}.Development|Win64.Build.0 = Development|x64
		{728FD7F8-9D94-4ED5-90A0-D8D25CD2D62C}.Shipping|HTML5.ActiveCfg = HTML5_Shipping|Win32
		{728FD7F8-9D94-4ED5-90A0-D8D25CD2D62C}.Shipping|HTML5.Build.0 = HTML5_Shipping|Win32
		{728FD7F8-9D94-4ED5-90A0-D8D25CD2D62C}.Shipping|IOS.ActiveCfg = IOS_Shipping|Win32
		{728FD7F8-9D94-4ED5-90A0-D8D25CD2D62C}.Shipping|IOS.Build.0 = IOS_Shipping|Win32
		{728FD7F8-9D94-4ED5-90A0-D8D25CD2D62C}.Shipping|Win32.ActiveCfg = Shipping|Win32
		{728FD7F8-9D94-4ED5-90A0-D8D25CD2D62C}.Shipping|Win32.Build.0 = Shipping|Win32
		{728FD7F8-9D94-4ED5-90A0-D8D25CD2D62C}.Shipping|Win64.ActiveCfg = Shipping|x64
		{728FD7F8-9D94-4ED5-90A0-D8D25CD2D62C}.Shipping|Win64.Build.0 = Shipping|x64
		{243DA72D-A0FC-412C-9F5A-935DB394272F}.DebugGame Editor|HTML5.ActiveCfg = BuiltWithUnrealBuildTool|Win32
		{243DA72D-A0FC-412C-9F5A-935DB394272F}.DebugGame Editor|IOS.ActiveCfg = BuiltWithUnrealBuildTool|Win32
		{243DA72D-A0FC-412C-9F5A-935DB394272F}.DebugGame Editor|Win32.ActiveCfg = BuiltWithUnrealBuildTool|Win32
		{243DA72D-A0FC-412C-9F5A-935DB394272F}.DebugGame Editor|Win64.ActiveCfg = BuiltWithUnrealBuildTool|Win32
		{243DA72D-A0FC-412C-9F5A-935DB394272F}.DebugGame|HTML5.ActiveCfg = BuiltWithUnrealBuildTool|Win32
		{243DA72D-A0FC-412C-9F5A-935DB394272F}.DebugGame|IOS.ActiveCfg = BuiltWithUnrealBuildTool|Win32
		{243DA72D-A0FC-412C-9F5A-935DB394272F}.DebugGame|Win32.ActiveCfg = BuiltWithUnrealBuildTool|Win32
		{243DA72D-A0FC-412C-9F5A-935DB394272F}.DebugGame|Win64.ActiveCfg = BuiltWithUnrealBuildTool|Win32
		{243DA72D-A0FC-412C-9F5A-935DB394272F}.Development Editor|HTML5.ActiveCfg = BuiltWithUnrealBuildTool|Win32
		{243DA72D-A0FC-412C-9F5A-935DB394272F}.Development Editor|IOS.ActiveCfg = BuiltWithUnrealBuildTool|Win32
		{243DA72D-A0FC-412C-9F5A-935DB394272F}.Development Editor|Win32.ActiveCfg = BuiltWithUnrealBuildTool|Win32
		{243DA72D-A0FC-412C-9F5A-935DB394272F}.Development Editor|Win64.ActiveCfg = BuiltWithUnrealBuildTool|Win32
		{243DA72D-A0FC-412C-9F5A-935DB394272F}.Development|HTML5.ActiveCfg = BuiltWithUnrealBuildTool|Win32
		{243DA72D-A0FC-412C-9F5A-935DB394272F}.Development|IOS.ActiveCfg = BuiltWithUnrealBuildTool|Win32
		{243DA72D-A0FC-412C-9F5A-935DB394272F}.Development|Win32.ActiveCfg = BuiltWithUnrealBuildTool|Win32
		{243DA72D-A0FC-412C-9F5A-935DB394272F}.Development|Win64.ActiveCfg = BuiltWithUnrealBuildTool|Win32
		{243DA72D-A0FC-412C-9F5A-935DB394272F}.Shipping|HTML5.ActiveCfg = BuiltWithUnrealBuildTool|Win32
		{243DA72D-A0FC-412C-9F5A-935DB394272F}.Shipping|IOS.ActiveCfg = BuiltWithUnrealBuildTool|Win32
		{243DA72D-A0FC-412C-9F5A-935DB394272F}.Shipping|Win32.ActiveCfg = BuiltWithUnrealBuildTool|Win32
		{243DA72D-A0FC-412C-9F5A-935DB394272F}.Shipping|Win64.ActiveCfg = BuiltWithUnrealBuildTool|Win32
	EndGlobalSection
	GlobalSection(SolutionProperties) = preSolution
		HideSolutionNode = FALSE
	EndGlobalSection
	GlobalSection(NestedProjects) = preSolution
		{243DA72D-A0FC-412C-9F5A-935DB394272F} = {6611BB84-6D8F-48D4-923D-5EC6AD1BE0FD}
		{728FD7F8-9D94-4ED5-90A0-D8D25CD2D62C} = {FC6717BD-EA1E-4C55-9C08-CF8628193075}
	EndGlobalSection
EndGlobal
