
Microsoft Visual Studio Solution File, Format Version 12.00
# Visual Studio 15
VisualStudioVersion = 15.0.25807.0
MinimumVisualStudioVersion = 10.0.40219.1
Project("{2150E333-8FDC-42A3-9474-1A3956D46DE8}") = "Engine", "Engine", "{4EB56A7D-74D8-48F9-94BF-3C57BD8EEDE7}"
EndProject
Project("{2150E333-8FDC-42A3-9474-1A3956D46DE8}") = "Games", "Games", "{75A6BE37-CBE3-49DD-8E25-6F812F2F3D3C}"
EndProject
Project("{8BC9CEB8-8B4A-11D0-8D11-00A0C91BC942}") = "UE4", "Intermediate\ProjectFiles\UE4.vcxproj", "{CDE8CAD3-05C5-4F03-B664-2C39CDEBC74F}"
EndProject
Project("{8BC9CEB8-8B4A-11D0-8D11-00A0C91BC942}") = "PGTProject", "Intermediate\ProjectFiles\PGTProject.vcxproj", "{FC9934DF-D143-4877-955B-6AD0F356F96E}"
EndProject
Project("{2150E333-8FDC-42A3-9474-1A3956D46DE8}") = "Visualizers", "Visualizers", "{F127B5B3-5ADB-4BBD-92B2-659F3D23E79A}"
	ProjectSection(SolutionItems) = preProject
		..\..\..\..\..\Program Files\Epic Games\UE_4.21\Engine\Extras\VisualStudioDebugging\UE4.natvis = ..\..\..\..\..\Program Files\Epic Games\UE_4.21\Engine\Extras\VisualStudioDebugging\UE4.natvis
	EndProjectSection
EndProject
Global
	GlobalSection(SolutionConfigurationPlatforms) = preSolution
		DebugGame Editor|HTML5 = DebugGame Editor|HTML5
		DebugGame Editor|IOS = DebugGame Editor|IOS
		DebugGame Editor|Win32 = DebugGame Editor|Win32
		DebugGame Editor|Win64 = DebugGame Editor|Win64
		DebugGame|HTML5 = DebugGame|HTML5
		DebugGame|IOS = DebugGame|IOS
		DebugGame|Win32 = DebugGame|Win32
		DebugGame|Win64 = DebugGame|Win64
		Development Editor|HTML5 = Development Editor|HTML5
		Development Editor|IOS = Development Editor|IOS
		Development Editor|Win32 = Development Editor|Win32
		Development Editor|Win64 = Development Editor|Win64
		Development|HTML5 = Development|HTML5
		Development|IOS = Development|IOS
		Development|Win32 = Development|Win32
		Development|Win64 = Development|Win64
		Shipping|HTML5 = Shipping|HTML5
		Shipping|IOS = Shipping|IOS
		Shipping|Win32 = Shipping|Win32
		Shipping|Win64 = Shipping|Win64
	EndGlobalSection
	GlobalSection(ProjectConfigurationPlatforms) = postSolution
		{CDE8CAD3-05C5-4F03-B664-2C39CDEBC74F}.DebugGame Editor|HTML5.ActiveCfg = BuiltWithUnrealBuildTool|Win32
		{CDE8CAD3-05C5-4F03-B664-2C39CDEBC74F}.DebugGame Editor|IOS.ActiveCfg = BuiltWithUnrealBuildTool|Win32
		{CDE8CAD3-05C5-4F03-B664-2C39CDEBC74F}.DebugGame Editor|Win32.ActiveCfg = BuiltWithUnrealBuildTool|Win32
		{CDE8CAD3-05C5-4F03-B664-2C39CDEBC74F}.DebugGame Editor|Win64.ActiveCfg = BuiltWithUnrealBuildTool|Win32
		{CDE8CAD3-05C5-4F03-B664-2C39CDEBC74F}.DebugGame|HTML5.ActiveCfg = BuiltWithUnrealBuildTool|Win32
		{CDE8CAD3-05C5-4F03-B664-2C39CDEBC74F}.DebugGame|IOS.ActiveCfg = BuiltWithUnrealBuildTool|Win32
		{CDE8CAD3-05C5-4F03-B664-2C39CDEBC74F}.DebugGame|Win32.ActiveCfg = BuiltWithUnrealBuildTool|Win32
		{CDE8CAD3-05C5-4F03-B664-2C39CDEBC74F}.DebugGame|Win64.ActiveCfg = BuiltWithUnrealBuildTool|Win32
		{CDE8CAD3-05C5-4F03-B664-2C39CDEBC74F}.Development Editor|HTML5.ActiveCfg = BuiltWithUnrealBuildTool|Win32
		{CDE8CAD3-05C5-4F03-B664-2C39CDEBC74F}.Development Editor|IOS.ActiveCfg = BuiltWithUnrealBuildTool|Win32
		{CDE8CAD3-05C5-4F03-B664-2C39CDEBC74F}.Development Editor|Win32.ActiveCfg = BuiltWithUnrealBuildTool|Win32
		{CDE8CAD3-05C5-4F03-B664-2C39CDEBC74F}.Development Editor|Win64.ActiveCfg = BuiltWithUnrealBuildTool|Win32
		{CDE8CAD3-05C5-4F03-B664-2C39CDEBC74F}.Development|HTML5.ActiveCfg = BuiltWithUnrealBuildTool|Win32
		{CDE8CAD3-05C5-4F03-B664-2C39CDEBC74F}.Development|IOS.ActiveCfg = BuiltWithUnrealBuildTool|Win32
		{CDE8CAD3-05C5-4F03-B664-2C39CDEBC74F}.Development|Win32.ActiveCfg = BuiltWithUnrealBuildTool|Win32
		{CDE8CAD3-05C5-4F03-B664-2C39CDEBC74F}.Development|Win64.ActiveCfg = BuiltWithUnrealBuildTool|Win32
		{CDE8CAD3-05C5-4F03-B664-2C39CDEBC74F}.Shipping|HTML5.ActiveCfg = BuiltWithUnrealBuildTool|Win32
		{CDE8CAD3-05C5-4F03-B664-2C39CDEBC74F}.Shipping|IOS.ActiveCfg = BuiltWithUnrealBuildTool|Win32
		{CDE8CAD3-05C5-4F03-B664-2C39CDEBC74F}.Shipping|Win32.ActiveCfg = BuiltWithUnrealBuildTool|Win32
		{CDE8CAD3-05C5-4F03-B664-2C39CDEBC74F}.Shipping|Win64.ActiveCfg = BuiltWithUnrealBuildTool|Win32
		{FC9934DF-D143-4877-955B-6AD0F356F96E}.DebugGame Editor|HTML5.ActiveCfg = Invalid|Win32
		{FC9934DF-D143-4877-955B-6AD0F356F96E}.DebugGame Editor|IOS.ActiveCfg = Invalid|Win32
		{FC9934DF-D143-4877-955B-6AD0F356F96E}.DebugGame Editor|Win32.ActiveCfg = Invalid|Win32
		{FC9934DF-D143-4877-955B-6AD0F356F96E}.DebugGame Editor|Win64.ActiveCfg = DebugGame_Editor|x64
		{FC9934DF-D143-4877-955B-6AD0F356F96E}.DebugGame Editor|Win64.Build.0 = DebugGame_Editor|x64
		{FC9934DF-D143-4877-955B-6AD0F356F96E}.DebugGame|HTML5.ActiveCfg = HTML5_DebugGame|Win32
		{FC9934DF-D143-4877-955B-6AD0F356F96E}.DebugGame|HTML5.Build.0 = HTML5_DebugGame|Win32
		{FC9934DF-D143-4877-955B-6AD0F356F96E}.DebugGame|IOS.ActiveCfg = IOS_DebugGame|Win32
		{FC9934DF-D143-4877-955B-6AD0F356F96E}.DebugGame|IOS.Build.0 = IOS_DebugGame|Win32
		{FC9934DF-D143-4877-955B-6AD0F356F96E}.DebugGame|Win32.ActiveCfg = DebugGame|Win32
		{FC9934DF-D143-4877-955B-6AD0F356F96E}.DebugGame|Win32.Build.0 = DebugGame|Win32
		{FC9934DF-D143-4877-955B-6AD0F356F96E}.DebugGame|Win64.ActiveCfg = DebugGame|x64
		{FC9934DF-D143-4877-955B-6AD0F356F96E}.DebugGame|Win64.Build.0 = DebugGame|x64
		{FC9934DF-D143-4877-955B-6AD0F356F96E}.Development Editor|HTML5.ActiveCfg = Invalid|Win32
		{FC9934DF-D143-4877-955B-6AD0F356F96E}.Development Editor|IOS.ActiveCfg = Invalid|Win32
		{FC9934DF-D143-4877-955B-6AD0F356F96E}.Development Editor|Win32.ActiveCfg = Invalid|Win32
		{FC9934DF-D143-4877-955B-6AD0F356F96E}.Development Editor|Win64.ActiveCfg = Development_Editor|x64
		{FC9934DF-D143-4877-955B-6AD0F356F96E}.Development Editor|Win64.Build.0 = Development_Editor|x64
		{FC9934DF-D143-4877-955B-6AD0F356F96E}.Development|HTML5.ActiveCfg = HTML5_Development|Win32
		{FC9934DF-D143-4877-955B-6AD0F356F96E}.Development|HTML5.Build.0 = HTML5_Development|Win32
		{FC9934DF-D143-4877-955B-6AD0F356F96E}.Development|IOS.ActiveCfg = IOS_Development|Win32
		{FC9934DF-D143-4877-955B-6AD0F356F96E}.Development|IOS.Build.0 = IOS_Development|Win32
		{FC9934DF-D143-4877-955B-6AD0F356F96E}.Development|Win32.ActiveCfg = Development|Win32
		{FC9934DF-D143-4877-955B-6AD0F356F96E}.Development|Win32.Build.0 = Development|Win32
		{FC9934DF-D143-4877-955B-6AD0F356F96E}.Development|Win64.ActiveCfg = Development|x64
		{FC9934DF-D143-4877-955B-6AD0F356F96E}.Development|Win64.Build.0 = Development|x64
		{FC9934DF-D143-4877-955B-6AD0F356F96E}.Shipping|HTML5.ActiveCfg = HTML5_Shipping|Win32
		{FC9934DF-D143-4877-955B-6AD0F356F96E}.Shipping|HTML5.Build.0 = HTML5_Shipping|Win32
		{FC9934DF-D143-4877-955B-6AD0F356F96E}.Shipping|IOS.ActiveCfg = IOS_Shipping|Win32
		{FC9934DF-D143-4877-955B-6AD0F356F96E}.Shipping|IOS.Build.0 = IOS_Shipping|Win32
		{FC9934DF-D143-4877-955B-6AD0F356F96E}.Shipping|Win32.ActiveCfg = Shipping|Win32
		{FC9934DF-D143-4877-955B-6AD0F356F96E}.Shipping|Win32.Build.0 = Shipping|Win32
		{FC9934DF-D143-4877-955B-6AD0F356F96E}.Shipping|Win64.ActiveCfg = Shipping|x64
		{FC9934DF-D143-4877-955B-6AD0F356F96E}.Shipping|Win64.Build.0 = Shipping|x64
	EndGlobalSection
	GlobalSection(SolutionProperties) = preSolution
		HideSolutionNode = FALSE
	EndGlobalSection
	GlobalSection(NestedProjects) = preSolution
		{CDE8CAD3-05C5-4F03-B664-2C39CDEBC74F} = {4EB56A7D-74D8-48F9-94BF-3C57BD8EEDE7}
		{FC9934DF-D143-4877-955B-6AD0F356F96E} = {75A6BE37-CBE3-49DD-8E25-6F812F2F3D3C}
	EndGlobalSection
EndGlobal
